
Microsoft Visual Studio Solution File, Format Version 12.00
# Visual Studio Version 16
VisualStudioVersion = 16.0.32106.194
MinimumVisualStudioVersion = 10.0.40219.1
Project("{8BC9CEB8-8B4A-11D0-8D11-00A0C91BC942}") = "ConsoleTetris", "ConsoleTetris\ConsoleTetris.vcxproj", "{AFC55771-6B91-4AE9-95ED-0C1326840AEB}"
EndProject
Global
	GlobalSection(SolutionConfigurationPlatforms) = preSolution
		Debug|x64 = Debug|x64
		Debug|x86 = Debug|x86
		Release|x64 = Release|x64
		Release|x86 = Release|x86
	EndGlobalSection
	GlobalSection(ProjectConfigurationPlatforms) = postSolution
		{AFC55771-6B91-4AE9-95ED-0C1326840AEB}.Debug|x64.ActiveCfg = Debug|x64
		{AFC55771-6B91-4AE9-95ED-0C1326840AEB}.Debug|x64.Build.0 = Debug|x64
		{AFC55771-6B91-4AE9-95ED-0C1326840AEB}.Debug|x86.ActiveCfg = Debug|Win32
		{AFC55771-6B91-4AE9-95ED-0C1326840AEB}.Debug|x86.Build.0 = Debug|Win32
		{AFC55771-6B91-4AE9-95ED-0C1326840AEB}.Release|x64.ActiveCfg = Release|x64
		{AFC55771-6B91-4AE9-95ED-0C1326840AEB}.Release|x64.Build.0 = Release|x64
		{AFC55771-6B91-4AE9-95ED-0C1326840AEB}.Release|x86.ActiveCfg = Release|Win32
		{AFC55771-6B91-4AE9-95ED-0C1326840AEB}.Release|x86.Build.0 = Release|Win32
	EndGlobalSection
	GlobalSection(SolutionProperties) = preSolution
		HideSolutionNode = FALSE
	EndGlobalSection
	GlobalSection(ExtensibilityGlobals) = postSolution
		SolutionGuid = {3EF5BA67-2314-4F30-A3D6-F71D5D63CB34}
	EndGlobalSection
EndGlobal
